
Microsoft Visual Studio Solution File, Format Version 12.00
# Visual Studio 14
VisualStudioVersion = 14.0.25123.0
MinimumVisualStudioVersion = 10.0.40219.1
Project("{FAE04EC0-301F-11D3-BF4B-00C04F79EFBC}") = "Waldorf.Domain", "Waldorf.Domain\Waldorf.Domain.csproj", "{A970089B-7674-43CC-9EBA-9E47C05711C2}"
EndProject
Project("{FAE04EC0-301F-11D3-BF4B-00C04F79EFBC}") = "Waldorf.DataModel", "Waldorf.DataModel\Waldorf.DataModel.csproj", "{AA7B92C4-E682-483E-B4CE-A2F9653A367D}"
EndProject
Project("{FAE04EC0-301F-11D3-BF4B-00C04F79EFBC}") = "Waldorf.Web", "Waldorf.Web\Waldorf.Web.csproj", "{5B08540B-8F8F-4F09-9A96-CBF5C4B323DC}"
EndProject
Project("{FAE04EC0-301F-11D3-BF4B-00C04F79EFBC}") = "Waldorf.Tests", "Waldorf.Tests\Waldorf.Tests.csproj", "{0C87CCB4-0EA0-4220-B98B-8ED14B98BCF0}"
EndProject
Project("{FAE04EC0-301F-11D3-BF4B-00C04F79EFBC}") = "Waldorf.Common", "Waldorf.Common\Waldorf.Common.csproj", "{0EDDF8C8-6BDC-4E74-8ADF-C9A8B1CF8F1A}"
EndProject
Project("{2150E333-8FDC-42A3-9474-1A3956D46DE8}") = "Scripts", "Scripts", "{EAFF907C-2F01-4A44-9DFE-49C31C92FFED}"
	ProjectSection(SolutionItems) = preProject
		20161119104.sql = 20161119104.sql
	EndProjectSection
EndProject
Global
	GlobalSection(SolutionConfigurationPlatforms) = preSolution
		Debug|Any CPU = Debug|Any CPU
		Release|Any CPU = Release|Any CPU
	EndGlobalSection
	GlobalSection(ProjectConfigurationPlatforms) = postSolution
		{A970089B-7674-43CC-9EBA-9E47C05711C2}.Debug|Any CPU.ActiveCfg = Debug|Any CPU
		{A970089B-7674-43CC-9EBA-9E47C05711C2}.Debug|Any CPU.Build.0 = Debug|Any CPU
		{A970089B-7674-43CC-9EBA-9E47C05711C2}.Release|Any CPU.ActiveCfg = Release|Any CPU
		{A970089B-7674-43CC-9EBA-9E47C05711C2}.Release|Any CPU.Build.0 = Release|Any CPU
		{AA7B92C4-E682-483E-B4CE-A2F9653A367D}.Debug|Any CPU.ActiveCfg = Debug|Any CPU
		{AA7B92C4-E682-483E-B4CE-A2F9653A367D}.Debug|Any CPU.Build.0 = Debug|Any CPU
		{AA7B92C4-E682-483E-B4CE-A2F9653A367D}.Release|Any CPU.ActiveCfg = Release|Any CPU
		{AA7B92C4-E682-483E-B4CE-A2F9653A367D}.Release|Any CPU.Build.0 = Release|Any CPU
		{5B08540B-8F8F-4F09-9A96-CBF5C4B323DC}.Debug|Any CPU.ActiveCfg = Debug|Any CPU
		{5B08540B-8F8F-4F09-9A96-CBF5C4B323DC}.Debug|Any CPU.Build.0 = Debug|Any CPU
		{5B08540B-8F8F-4F09-9A96-CBF5C4B323DC}.Release|Any CPU.ActiveCfg = Release|Any CPU
		{5B08540B-8F8F-4F09-9A96-CBF5C4B323DC}.Release|Any CPU.Build.0 = Release|Any CPU
		{0C87CCB4-0EA0-4220-B98B-8ED14B98BCF0}.Debug|Any CPU.ActiveCfg = Debug|Any CPU
		{0C87CCB4-0EA0-4220-B98B-8ED14B98BCF0}.Debug|Any CPU.Build.0 = Debug|Any CPU
		{0C87CCB4-0EA0-4220-B98B-8ED14B98BCF0}.Release|Any CPU.ActiveCfg = Release|Any CPU
		{0C87CCB4-0EA0-4220-B98B-8ED14B98BCF0}.Release|Any CPU.Build.0 = Release|Any CPU
		{0EDDF8C8-6BDC-4E74-8ADF-C9A8B1CF8F1A}.Debug|Any CPU.ActiveCfg = Debug|Any CPU
		{0EDDF8C8-6BDC-4E74-8ADF-C9A8B1CF8F1A}.Debug|Any CPU.Build.0 = Debug|Any CPU
		{0EDDF8C8-6BDC-4E74-8ADF-C9A8B1CF8F1A}.Release|Any CPU.ActiveCfg = Release|Any CPU
		{0EDDF8C8-6BDC-4E74-8ADF-C9A8B1CF8F1A}.Release|Any CPU.Build.0 = Release|Any CPU
	EndGlobalSection
	GlobalSection(SolutionProperties) = preSolution
		HideSolutionNode = FALSE
	EndGlobalSection
EndGlobal
